// !$*UTF8*$!
{
	archiveVersion = 1;
	classes = {
	};
	objectVersion = 77;
	objects = {

/* Begin PBXBuildFile section */
		45FEA4712D5A6E8000DBA159 /* Preview Assets.xcassets in Resources */ = {isa = PBXBuildFile; fileRef = 45FEA46B2D5A6E8000DBA159 /* Preview Assets.xcassets */; };
		45FEA4722D5A6E8000DBA159 /* Assets.xcassets in Resources */ = {isa = PBXBuildFile; fileRef = 45FEA46D2D5A6E8000DBA159 /* Assets.xcassets */; };
		45FEA4732D5A6E8000DBA159 /* DemoView.swift in Sources */ = {isa = PBXBuildFile; fileRef = 45FEA46E2D5A6E8000DBA159 /* DemoView.swift */; };
		45FEA4742D5A6E8000DBA159 /* PopcornTrailApp.swift in Sources */ = {isa = PBXBuildFile; fileRef = 45FEA46F2D5A6E8000DBA159 /* PopcornTrailApp.swift */; };
/* End PBXBuildFile section */

/* Begin PBXFileReference section */
		45AF6C412D5A67CB00A29620 /* PopcornTrail.app */ = {isa = PBXFileReference; explicitFileType = wrapper.application; includeInIndex = 0; path = PopcornTrail.app; sourceTree = BUILT_PRODUCTS_DIR; };
		45FEA46B2D5A6E8000DBA159 /* Preview Assets.xcassets */ = {isa = PBXFileReference; lastKnownFileType = folder.assetcatalog; path = "Preview Assets.xcassets"; sourceTree = "<group>"; };
		45FEA46D2D5A6E8000DBA159 /* Assets.xcassets */ = {isa = PBXFileReference; lastKnownFileType = folder.assetcatalog; path = Assets.xcassets; sourceTree = "<group>"; };
		45FEA46E2D5A6E8000DBA159 /* DemoView.swift */ = {isa = PBXFileReference; lastKnownFileType = sourcecode.swift; path = DemoView.swift; sourceTree = "<group>"; };
		45FEA46F2D5A6E8000DBA159 /* PopcornTrailApp.swift */ = {isa = PBXFileReference; lastKnownFileType = sourcecode.swift; path = PopcornTrailApp.swift; sourceTree = "<group>"; };
/* End PBXFileReference section */

/* Begin PBXFrameworksBuildPhase section */
		45AF6C3E2D5A67CB00A29620 /* Frameworks */ = {
			isa = PBXFrameworksBuildPhase;
			buildActionMask = 2147483647;
			files = (
			);
			runOnlyForDeploymentPostprocessing = 0;
		};
/* End PBXFrameworksBuildPhase section */

/* Begin PBXGroup section */
		45AF6C382D5A67CB00A29620 = {
			isa = PBXGroup;
			children = (
				45FEA4702D5A6E8000DBA159 /* PopcornTrail */,
				45AF6C422D5A67CB00A29620 /* Products */,
			);
			sourceTree = "<group>";
		};
		45AF6C422D5A67CB00A29620 /* Products */ = {
			isa = PBXGroup;
			children = (
				45AF6C412D5A67CB00A29620 /* PopcornTrail.app */,
			);
			name = Products;
			sourceTree = "<group>";
		};
		45FEA46C2D5A6E8000DBA159 /* Preview Content */ = {
			isa = PBXGroup;
			children = (
				45FEA46B2D5A6E8000DBA159 /* Preview Assets.xcassets */,
			);
			path = "Preview Content";
			sourceTree = "<group>";
		};
		45FEA4702D5A6E8000DBA159 /* PopcornTrail */ = {
			isa = PBXGroup;
			children = (
				45FEA46F2D5A6E8000DBA159 /* PopcornTrailApp.swift */,
				45FEA46D2D5A6E8000DBA159 /* Assets.xcassets */,
				45FEA46C2D5A6E8000DBA159 /* Preview Content */,
				45FEA4752D5A738F00DBA159 /* Model */,
				45FEA4762D5A739700DBA159 /* Network */,
				45FEA4772D5A73B400DBA159 /* Repository */,
				45FEA4782D5A73BA00DBA159 /* ViewModel */,
				45FEA4792D5A73C000DBA159 /* View */,
			);
			path = PopcornTrail;
			sourceTree = "<group>";
		};
		45FEA4752D5A738F00DBA159 /* Model */ = {
			isa = PBXGroup;
			children = (
			);
			path = Model;
			sourceTree = "<group>";
		};
		45FEA4762D5A739700DBA159 /* Network */ = {
			isa = PBXGroup;
			children = (
			);
			path = Network;
			sourceTree = "<group>";
		};
		45FEA4772D5A73B400DBA159 /* Repository */ = {
			isa = PBXGroup;
			children = (
				45FEA4802D5A75DD00DBA159 /* Remote */,
			);
			path = Repository;
			sourceTree = "<group>";
		};
		45FEA4782D5A73BA00DBA159 /* ViewModel */ = {
			isa = PBXGroup;
			children = (
				45FEA47A2D5A740800DBA159 /* Shared */,
			);
			path = ViewModel;
			sourceTree = "<group>";
		};
		45FEA4792D5A73C000DBA159 /* View */ = {
			isa = PBXGroup;
			children = (
				45FEA47F2D5A744000DBA159 /* Components */,
				45FEA47E2D5A743800DBA159 /* Styles */,
				45FEA47D2D5A743100DBA159 /* Shared */,
				45FEA47B2D5A741900DBA159 /* Devices */,
			);
			path = View;
			sourceTree = "<group>";
		};
		45FEA47A2D5A740800DBA159 /* Shared */ = {
			isa = PBXGroup;
			children = (
			);
			path = Shared;
			sourceTree = "<group>";
		};
		45FEA47B2D5A741900DBA159 /* Devices */ = {
			isa = PBXGroup;
			children = (
				45FEA47C2D5A741E00DBA159 /* iPhone */,
			);
			path = Devices;
			sourceTree = "<group>";
		};
		45FEA47C2D5A741E00DBA159 /* iPhone */ = {
			isa = PBXGroup;
			children = (
				45FEA46E2D5A6E8000DBA159 /* DemoView.swift */,
			);
			path = iPhone;
			sourceTree = "<group>";
		};
		45FEA47D2D5A743100DBA159 /* Shared */ = {
			isa = PBXGroup;
			children = (
			);
			path = Shared;
			sourceTree = "<group>";
		};
		45FEA47E2D5A743800DBA159 /* Styles */ = {
			isa = PBXGroup;
			children = (
			);
			path = Styles;
			sourceTree = "<group>";
		};
		45FEA47F2D5A744000DBA159 /* Components */ = {
			isa = PBXGroup;
			children = (
			);
			path = Components;
			sourceTree = "<group>";
		};
		45FEA4802D5A75DD00DBA159 /* Remote */ = {
			isa = PBXGroup;
			children = (
			);
			path = Remote;
			sourceTree = "<group>";
		};
/* End PBXGroup section */

/* Begin PBXNativeTarget section */
		45AF6C402D5A67CB00A29620 /* PopcornTrail */ = {
			isa = PBXNativeTarget;
			buildConfigurationList = 45AF6C4F2D5A67CD00A29620 /* Build configuration list for PBXNativeTarget "PopcornTrail" */;
			buildPhases = (
				45AF6C3D2D5A67CB00A29620 /* Sources */,
				45AF6C3E2D5A67CB00A29620 /* Frameworks */,
				45AF6C3F2D5A67CB00A29620 /* Resources */,
			);
			buildRules = (
			);
			dependencies = (
			);
			name = PopcornTrail;
			packageProductDependencies = (
			);
			productName = PopcornTrail;
			productReference = 45AF6C412D5A67CB00A29620 /* PopcornTrail.app */;
			productType = "com.apple.product-type.application";
		};
/* End PBXNativeTarget section */

/* Begin PBXProject section */
		45AF6C392D5A67CB00A29620 /* Project object */ = {
			isa = PBXProject;
			attributes = {
				BuildIndependentTargetsInParallel = 1;
				LastSwiftUpdateCheck = 1620;
				LastUpgradeCheck = 1620;
				TargetAttributes = {
					45AF6C402D5A67CB00A29620 = {
						CreatedOnToolsVersion = 16.2;
					};
				};
			};
			buildConfigurationList = 45AF6C3C2D5A67CB00A29620 /* Build configuration list for PBXProject "PopcornTrail" */;
			developmentRegion = en;
			hasScannedForEncodings = 0;
			knownRegions = (
				en,
				Base,
			);
			mainGroup = 45AF6C382D5A67CB00A29620;
			minimizedProjectReferenceProxies = 1;
			preferredProjectObjectVersion = 77;
			productRefGroup = 45AF6C422D5A67CB00A29620 /* Products */;
			projectDirPath = "";
			projectRoot = "";
			targets = (
				45AF6C402D5A67CB00A29620 /* PopcornTrail */,
			);
		};
/* End PBXProject section */

/* Begin PBXResourcesBuildPhase section */
		45AF6C3F2D5A67CB00A29620 /* Resources */ = {
			isa = PBXResourcesBuildPhase;
			buildActionMask = 2147483647;
			files = (
				45FEA4712D5A6E8000DBA159 /* Preview Assets.xcassets in Resources */,
				45FEA4722D5A6E8000DBA159 /* Assets.xcassets in Resources */,
			);
			runOnlyForDeploymentPostprocessing = 0;
		};
/* End PBXResourcesBuildPhase section */

/* Begin PBXSourcesBuildPhase section */
		45AF6C3D2D5A67CB00A29620 /* Sources */ = {
			isa = PBXSourcesBuildPhase;
			buildActionMask = 2147483647;
			files = (
				45FEA4732D5A6E8000DBA159 /* DemoView.swift in Sources */,
				45FEA4742D5A6E8000DBA159 /* PopcornTrailApp.swift in Sources */,
			);
			runOnlyForDeploymentPostprocessing = 0;
		};
/* End PBXSourcesBuildPhase section */

/* Begin XCBuildConfiguration section */
		45AF6C4D2D5A67CD00A29620 /* Debug */ = {
			isa = XCBuildConfiguration;
			buildSettings = {
				ALWAYS_SEARCH_USER_PATHS = NO;
				ASSETCATALOG_COMPILER_GENERATE_SWIFT_ASSET_SYMBOL_EXTENSIONS = YES;
				CLANG_ANALYZER_NONNULL = YES;
				CLANG_ANALYZER_NUMBER_OBJECT_CONVERSION = YES_AGGRESSIVE;
				CLANG_CXX_LANGUAGE_STANDARD = "gnu++20";
				CLANG_ENABLE_MODULES = YES;
				CLANG_ENABLE_OBJC_ARC = YES;
				CLANG_ENABLE_OBJC_WEAK = YES;
				CLANG_WARN_BLOCK_CAPTURE_AUTORELEASING = YES;
				CLANG_WARN_BOOL_CONVERSION = YES;
				CLANG_WARN_COMMA = YES;
				CLANG_WARN_CONSTANT_CONVERSION = YES;
				CLANG_WARN_DEPRECATED_OBJC_IMPLEMENTATIONS = YES;
				CLANG_WARN_DIRECT_OBJC_ISA_USAGE = YES_ERROR;
				CLANG_WARN_DOCUMENTATION_COMMENTS = YES;
				CLANG_WARN_EMPTY_BODY = YES;
				CLANG_WARN_ENUM_CONVERSION = YES;
				CLANG_WARN_INFINITE_RECURSION = YES;
				CLANG_WARN_INT_CONVERSION = YES;
				CLANG_WARN_NON_LITERAL_NULL_CONVERSION = YES;
				CLANG_WARN_OBJC_IMPLICIT_RETAIN_SELF = YES;
				CLANG_WARN_OBJC_LITERAL_CONVERSION = YES;
				CLANG_WARN_OBJC_ROOT_CLASS = YES_ERROR;
				CLANG_WARN_QUOTED_INCLUDE_IN_FRAMEWORK_HEADER = YES;
				CLANG_WARN_RANGE_LOOP_ANALYSIS = YES;
				CLANG_WARN_STRICT_PROTOTYPES = YES;
				CLANG_WARN_SUSPICIOUS_MOVE = YES;
				CLANG_WARN_UNGUARDED_AVAILABILITY = YES_AGGRESSIVE;
				CLANG_WARN_UNREACHABLE_CODE = YES;
				CLANG_WARN__DUPLICATE_METHOD_MATCH = YES;
				COPY_PHASE_STRIP = NO;
				DEBUG_INFORMATION_FORMAT = dwarf;
				ENABLE_STRICT_OBJC_MSGSEND = YES;
				ENABLE_TESTABILITY = YES;
				ENABLE_USER_SCRIPT_SANDBOXING = YES;
				GCC_C_LANGUAGE_STANDARD = gnu17;
				GCC_DYNAMIC_NO_PIC = NO;
				GCC_NO_COMMON_BLOCKS = YES;
				GCC_OPTIMIZATION_LEVEL = 0;
				GCC_PREPROCESSOR_DEFINITIONS = (
					"DEBUG=1",
					"$(inherited)",
				);
				GCC_WARN_64_TO_32_BIT_CONVERSION = YES;
				GCC_WARN_ABOUT_RETURN_TYPE = YES_ERROR;
				GCC_WARN_UNDECLARED_SELECTOR = YES;
				GCC_WARN_UNINITIALIZED_AUTOS = YES_AGGRESSIVE;
				GCC_WARN_UNUSED_FUNCTION = YES;
				GCC_WARN_UNUSED_VARIABLE = YES;
				IPHONEOS_DEPLOYMENT_TARGET = 18.2;
				LOCALIZATION_PREFERS_STRING_CATALOGS = YES;
				MTL_ENABLE_DEBUG_INFO = INCLUDE_SOURCE;
				MTL_FAST_MATH = YES;
				ONLY_ACTIVE_ARCH = YES;
				SDKROOT = iphoneos;
				SWIFT_ACTIVE_COMPILATION_CONDITIONS = "DEBUG $(inherited)";
				SWIFT_OPTIMIZATION_LEVEL = "-Onone";
			};
			name = Debug;
		};
		45AF6C4E2D5A67CD00A29620 /* Release */ = {
			isa = XCBuildConfiguration;
			buildSettings = {
				ALWAYS_SEARCH_USER_PATHS = NO;
				ASSETCATALOG_COMPILER_GENERATE_SWIFT_ASSET_SYMBOL_EXTENSIONS = YES;
				CLANG_ANALYZER_NONNULL = YES;
				CLANG_ANALYZER_NUMBER_OBJECT_CONVERSION = YES_AGGRESSIVE;
				CLANG_CXX_LANGUAGE_STANDARD = "gnu++20";
				CLANG_ENABLE_MODULES = YES;
				CLANG_ENABLE_OBJC_ARC = YES;
				CLANG_ENABLE_OBJC_WEAK = YES;
				CLANG_WARN_BLOCK_CAPTURE_AUTORELEASING = YES;
				CLANG_WARN_BOOL_CONVERSION = YES;
				CLANG_WARN_COMMA = YES;
				CLANG_WARN_CONSTANT_CONVERSION = YES;
				CLANG_WARN_DEPRECATED_OBJC_IMPLEMENTATIONS = YES;
				CLANG_WARN_DIRECT_OBJC_ISA_USAGE = YES_ERROR;
				CLANG_WARN_DOCUMENTATION_COMMENTS = YES;
				CLANG_WARN_EMPTY_BODY = YES;
				CLANG_WARN_ENUM_CONVERSION = YES;
				CLANG_WARN_INFINITE_RECURSION = YES;
				CLANG_WARN_INT_CONVERSION = YES;
				CLANG_WARN_NON_LITERAL_NULL_CONVERSION = YES;
				CLANG_WARN_OBJC_IMPLICIT_RETAIN_SELF = YES;
				CLANG_WARN_OBJC_LITERAL_CONVERSION = YES;
				CLANG_WARN_OBJC_ROOT_CLASS = YES_ERROR;
				CLANG_WARN_QUOTED_INCLUDE_IN_FRAMEWORK_HEADER = YES;
				CLANG_WARN_RANGE_LOOP_ANALYSIS = YES;
				CLANG_WARN_STRICT_PROTOTYPES = YES;
				CLANG_WARN_SUSPICIOUS_MOVE = YES;
				CLANG_WARN_UNGUARDED_AVAILABILITY = YES_AGGRESSIVE;
				CLANG_WARN_UNREACHABLE_CODE = YES;
				CLANG_WARN__DUPLICATE_METHOD_MATCH = YES;
				COPY_PHASE_STRIP = NO;
				DEBUG_INFORMATION_FORMAT = "dwarf-with-dsym";
				ENABLE_NS_ASSERTIONS = NO;
				ENABLE_STRICT_OBJC_MSGSEND = YES;
				ENABLE_USER_SCRIPT_SANDBOXING = YES;
				GCC_C_LANGUAGE_STANDARD = gnu17;
				GCC_NO_COMMON_BLOCKS = YES;
				GCC_WARN_64_TO_32_BIT_CONVERSION = YES;
				GCC_WARN_ABOUT_RETURN_TYPE = YES_ERROR;
				GCC_WARN_UNDECLARED_SELECTOR = YES;
				GCC_WARN_UNINITIALIZED_AUTOS = YES_AGGRESSIVE;
				GCC_WARN_UNUSED_FUNCTION = YES;
				GCC_WARN_UNUSED_VARIABLE = YES;
				IPHONEOS_DEPLOYMENT_TARGET = 18.2;
				LOCALIZATION_PREFERS_STRING_CATALOGS = YES;
				MTL_ENABLE_DEBUG_INFO = NO;
				MTL_FAST_MATH = YES;
				SDKROOT = iphoneos;
				SWIFT_COMPILATION_MODE = wholemodule;
				VALIDATE_PRODUCT = YES;
			};
			name = Release;
		};
		45AF6C502D5A67CD00A29620 /* Debug */ = {
			isa = XCBuildConfiguration;
			buildSettings = {
				ASSETCATALOG_COMPILER_APPICON_NAME = AppIcon;
				ASSETCATALOG_COMPILER_GLOBAL_ACCENT_COLOR_NAME = AccentColor;
				CODE_SIGN_STYLE = Automatic;
				CURRENT_PROJECT_VERSION = 1;
				DEVELOPMENT_ASSET_PATHS = "\"PopcornTrail/Preview Content\"";
				DEVELOPMENT_TEAM = 8MU6QHY59H;
				ENABLE_PREVIEWS = YES;
				GENERATE_INFOPLIST_FILE = YES;
				INFOPLIST_KEY_CFBundleDisplayName = "Popcorn Trail";
				INFOPLIST_KEY_LSApplicationCategoryType = "public.app-category.entertainment";
				INFOPLIST_KEY_UIApplicationSceneManifest_Generation = YES;
				INFOPLIST_KEY_UIApplicationSupportsIndirectInputEvents = YES;
				INFOPLIST_KEY_UILaunchScreen_Generation = YES;
				INFOPLIST_KEY_UISupportedInterfaceOrientations = UIInterfaceOrientationPortrait;
				LD_RUNPATH_SEARCH_PATHS = (
					"$(inherited)",
					"@executable_path/Frameworks",
				);
				MARKETING_VERSION = 1.0;
				PRODUCT_BUNDLE_IDENTIFIER = dev.ruben.PopcornTrail;
				PRODUCT_NAME = "$(TARGET_NAME)";
				SWIFT_EMIT_LOC_STRINGS = YES;
				SWIFT_VERSION = 6.0;
				TARGETED_DEVICE_FAMILY = "1,2";
			};
			name = Debug;
		};
		45AF6C512D5A67CD00A29620 /* Release */ = {
			isa = XCBuildConfiguration;
			buildSettings = {
				ASSETCATALOG_COMPILER_APPICON_NAME = AppIcon;
				ASSETCATALOG_COMPILER_GLOBAL_ACCENT_COLOR_NAME = AccentColor;
				CODE_SIGN_STYLE = Automatic;
				CURRENT_PROJECT_VERSION = 1;
				DEVELOPMENT_ASSET_PATHS = "\"PopcornTrail/Preview Content\"";
				DEVELOPMENT_TEAM = 8MU6QHY59H;
				ENABLE_PREVIEWS = YES;
				GENERATE_INFOPLIST_FILE = YES;
				INFOPLIST_KEY_CFBundleDisplayName = "Popcorn Trail";
				INFOPLIST_KEY_LSApplicationCategoryType = "public.app-category.entertainment";
				INFOPLIST_KEY_UIApplicationSceneManifest_Generation = YES;
				INFOPLIST_KEY_UIApplicationSupportsIndirectInputEvents = YES;
				INFOPLIST_KEY_UILaunchScreen_Generation = YES;
				INFOPLIST_KEY_UISupportedInterfaceOrientations = UIInterfaceOrientationPortrait;
				LD_RUNPATH_SEARCH_PATHS = (
					"$(inherited)",
					"@executable_path/Frameworks",
				);
				MARKETING_VERSION = 1.0;
				PRODUCT_BUNDLE_IDENTIFIER = dev.ruben.PopcornTrail;
				PRODUCT_NAME = "$(TARGET_NAME)";
				SWIFT_EMIT_LOC_STRINGS = YES;
				SWIFT_VERSION = 6.0;
				TARGETED_DEVICE_FAMILY = "1,2";
			};
			name = Release;
		};
/* End XCBuildConfiguration section */

/* Begin XCConfigurationList section */
		45AF6C3C2D5A67CB00A29620 /* Build configuration list for PBXProject "PopcornTrail" */ = {
			isa = XCConfigurationList;
			buildConfigurations = (
				45AF6C4D2D5A67CD00A29620 /* Debug */,
				45AF6C4E2D5A67CD00A29620 /* Release */,
			);
			defaultConfigurationIsVisible = 0;
			defaultConfigurationName = Release;
		};
		45AF6C4F2D5A67CD00A29620 /* Build configuration list for PBXNativeTarget "PopcornTrail" */ = {
			isa = XCConfigurationList;
			buildConfigurations = (
				45AF6C502D5A67CD00A29620 /* Debug */,
				45AF6C512D5A67CD00A29620 /* Release */,
			);
			defaultConfigurationIsVisible = 0;
			defaultConfigurationName = Release;
		};
/* End XCConfigurationList section */
	};
	rootObject = 45AF6C392D5A67CB00A29620 /* Project object */;
}
